
Microsoft Visual Studio Solution File, Format Version 12.00
# Visual Studio Version 17
VisualStudioVersion = 17.3.32922.545
MinimumVisualStudioVersion = 10.0.40219.1
Project("{9A19103F-16F7-4668-BE54-9A1E7A4F7556}") = "SortAlgorithm", "Learn_C_sharp\SortAlgorithm.csproj", "{3E29F11B-F5C3-46D3-AB90-3DC565E202D7}"
EndProject
Project("{9A19103F-16F7-4668-BE54-9A1E7A4F7556}") = "Test_collections", "Test_collections\Test_collections.csproj", "{5C911E2C-F654-40E5-92C5-686B6D1D4658}"
EndProject
Project("{FAE04EC0-301F-11D3-BF4B-00C04F79EFBC}") = "loopInCSharp", "loopInCSharp\loopInCSharp.csproj", "{7DEF8A48-2B9C-4F33-90EA-D0AF6DEC9734}"
EndProject
Project("{FAE04EC0-301F-11D3-BF4B-00C04F79EFBC}") = "firstProject", "firstProject\firstProject.csproj", "{44EE2CDE-5AB3-45C4-B994-8D663061D359}"
EndProject
Project("{FAE04EC0-301F-11D3-BF4B-00C04F79EFBC}") = "Event_And_EventHandler", "Event_And_EventHandler\Event_And_EventHandler.csproj", "{3C960EEB-5742-499F-9F90-156F9EE3E6FC}"
EndProject
Project("{FAE04EC0-301F-11D3-BF4B-00C04F79EFBC}") = "Review_Event", "Review_Event\Review_Event.csproj", "{3528AC65-3A8E-446C-B12E-26EB6393964A}"
EndProject
Project("{FAE04EC0-301F-11D3-BF4B-00C04F79EFBC}") = "DrawRectangle", "DrawRectangle\DrawRectangle.csproj", "{AC6E3C7E-F095-4666-B1C8-B672A62B9F70}"
EndProject
Project("{FAE04EC0-301F-11D3-BF4B-00C04F79EFBC}") = "ConvertNumbersToLetters", "ConvertNumbersToLetters\ConvertNumbersToLetters.csproj", "{4BD3EA03-7C96-45CB-AFAE-0612DC853D88}"
EndProject
Project("{FAE04EC0-301F-11D3-BF4B-00C04F79EFBC}") = "Lamda", "Lamda\Lamda.csproj", "{42CC315D-6D4B-4385-ADC5-1E98B65EBE1A}"
EndProject
Global
	GlobalSection(SolutionConfigurationPlatforms) = preSolution
		Debug|Any CPU = Debug|Any CPU
		Release|Any CPU = Release|Any CPU
	EndGlobalSection
	GlobalSection(ProjectConfigurationPlatforms) = postSolution
		{3E29F11B-F5C3-46D3-AB90-3DC565E202D7}.Debug|Any CPU.ActiveCfg = Debug|Any CPU
		{3E29F11B-F5C3-46D3-AB90-3DC565E202D7}.Debug|Any CPU.Build.0 = Debug|Any CPU
		{3E29F11B-F5C3-46D3-AB90-3DC565E202D7}.Release|Any CPU.ActiveCfg = Release|Any CPU
		{3E29F11B-F5C3-46D3-AB90-3DC565E202D7}.Release|Any CPU.Build.0 = Release|Any CPU
		{5C911E2C-F654-40E5-92C5-686B6D1D4658}.Debug|Any CPU.ActiveCfg = Debug|Any CPU
		{5C911E2C-F654-40E5-92C5-686B6D1D4658}.Debug|Any CPU.Build.0 = Debug|Any CPU
		{5C911E2C-F654-40E5-92C5-686B6D1D4658}.Release|Any CPU.ActiveCfg = Release|Any CPU
		{5C911E2C-F654-40E5-92C5-686B6D1D4658}.Release|Any CPU.Build.0 = Release|Any CPU
		{7DEF8A48-2B9C-4F33-90EA-D0AF6DEC9734}.Debug|Any CPU.ActiveCfg = Debug|Any CPU
		{7DEF8A48-2B9C-4F33-90EA-D0AF6DEC9734}.Debug|Any CPU.Build.0 = Debug|Any CPU
		{7DEF8A48-2B9C-4F33-90EA-D0AF6DEC9734}.Release|Any CPU.ActiveCfg = Release|Any CPU
		{7DEF8A48-2B9C-4F33-90EA-D0AF6DEC9734}.Release|Any CPU.Build.0 = Release|Any CPU
		{44EE2CDE-5AB3-45C4-B994-8D663061D359}.Debug|Any CPU.ActiveCfg = Debug|Any CPU
		{44EE2CDE-5AB3-45C4-B994-8D663061D359}.Debug|Any CPU.Build.0 = Debug|Any CPU
		{44EE2CDE-5AB3-45C4-B994-8D663061D359}.Release|Any CPU.ActiveCfg = Release|Any CPU
		{44EE2CDE-5AB3-45C4-B994-8D663061D359}.Release|Any CPU.Build.0 = Release|Any CPU
		{3C960EEB-5742-499F-9F90-156F9EE3E6FC}.Debug|Any CPU.ActiveCfg = Debug|Any CPU
		{3C960EEB-5742-499F-9F90-156F9EE3E6FC}.Debug|Any CPU.Build.0 = Debug|Any CPU
		{3C960EEB-5742-499F-9F90-156F9EE3E6FC}.Release|Any CPU.ActiveCfg = Release|Any CPU
		{3C960EEB-5742-499F-9F90-156F9EE3E6FC}.Release|Any CPU.Build.0 = Release|Any CPU
		{3528AC65-3A8E-446C-B12E-26EB6393964A}.Debug|Any CPU.ActiveCfg = Debug|Any CPU
		{3528AC65-3A8E-446C-B12E-26EB6393964A}.Debug|Any CPU.Build.0 = Debug|Any CPU
		{3528AC65-3A8E-446C-B12E-26EB6393964A}.Release|Any CPU.ActiveCfg = Release|Any CPU
		{3528AC65-3A8E-446C-B12E-26EB6393964A}.Release|Any CPU.Build.0 = Release|Any CPU
		{AC6E3C7E-F095-4666-B1C8-B672A62B9F70}.Debug|Any CPU.ActiveCfg = Debug|Any CPU
		{AC6E3C7E-F095-4666-B1C8-B672A62B9F70}.Debug|Any CPU.Build.0 = Debug|Any CPU
		{AC6E3C7E-F095-4666-B1C8-B672A62B9F70}.Release|Any CPU.ActiveCfg = Release|Any CPU
		{AC6E3C7E-F095-4666-B1C8-B672A62B9F70}.Release|Any CPU.Build.0 = Release|Any CPU
		{4BD3EA03-7C96-45CB-AFAE-0612DC853D88}.Debug|Any CPU.ActiveCfg = Debug|Any CPU
		{4BD3EA03-7C96-45CB-AFAE-0612DC853D88}.Debug|Any CPU.Build.0 = Debug|Any CPU
		{4BD3EA03-7C96-45CB-AFAE-0612DC853D88}.Release|Any CPU.ActiveCfg = Release|Any CPU
		{4BD3EA03-7C96-45CB-AFAE-0612DC853D88}.Release|Any CPU.Build.0 = Release|Any CPU
		{42CC315D-6D4B-4385-ADC5-1E98B65EBE1A}.Debug|Any CPU.ActiveCfg = Debug|Any CPU
		{42CC315D-6D4B-4385-ADC5-1E98B65EBE1A}.Debug|Any CPU.Build.0 = Debug|Any CPU
		{42CC315D-6D4B-4385-ADC5-1E98B65EBE1A}.Release|Any CPU.ActiveCfg = Release|Any CPU
		{42CC315D-6D4B-4385-ADC5-1E98B65EBE1A}.Release|Any CPU.Build.0 = Release|Any CPU
	EndGlobalSection
	GlobalSection(SolutionProperties) = preSolution
		HideSolutionNode = FALSE
	EndGlobalSection
	GlobalSection(ExtensibilityGlobals) = postSolution
		SolutionGuid = {C3ADAC6C-E265-43A4-B8BB-4A156DC5D1E1}
	EndGlobalSection
EndGlobal
